interactions:
- request:
    body: '{"children": [{"type": "callout", "object": "block", "has_children": false,
      "archived": false, "callout": {"rich_text": [{"type": "text", "plain_text":
      "Reappearing blocks!", "text": {"content": "Reappearing blocks!"}}], "color":
      "default"}}]}'
    headers:
      accept:
      - '*/*'
      accept-encoding:
      - gzip, deflate
      authorization:
      - secret...
      connection:
      - keep-alive
      content-length:
      - '243'
      content-type:
      - application/json
      host:
      - api.notion.com
      notion-version:
      - '2022-02-22'
    method: PATCH
    uri: https://api.notion.com/v1/blocks/250662d9783d483cb131341ed479f96c/children
  response:
    content: "{\"object\":\"list\",\"results\":[{\"object\":\"block\",\"id\":\"8b288465-220e-4546-8a88-e4decb3914f5\",\"parent\":{\"type\":\"page_id\",\"page_id\":\"250662d9-783d-483c-b131-341ed479f96c\"},\"created_time\":\"2022-07-24T23:45:00.000Z\",\"last_edited_time\":\"2022-07-24T23:45:00.000Z\",\"created_by\":{\"object\":\"user\",\"id\":\"6860cd48-ced8-41b3-b824-c7d039085db1\"},\"last_edited_by\":{\"object\":\"user\",\"id\":\"6860cd48-ced8-41b3-b824-c7d039085db1\"},\"has_children\":false,\"archived\":false,\"type\":\"callout\",\"callout\":{\"rich_text\":[{\"type\":\"text\",\"text\":{\"content\":\"Reappearing
      blocks!\",\"link\":null},\"annotations\":{\"bold\":false,\"italic\":false,\"strikethrough\":false,\"underline\":false,\"code\":false,\"color\":\"default\"},\"plain_text\":\"Reappearing
      blocks!\",\"href\":null}],\"icon\":{\"type\":\"emoji\",\"emoji\":\"\U0001F4A1\"},\"color\":\"default\"}}],\"next_cursor\":null,\"has_more\":false,\"type\":\"block\",\"block\":{}}"
    headers: {}
    http_version: HTTP/1.1
    status_code: 200
- request:
    body: ''
    headers:
      accept:
      - '*/*'
      accept-encoding:
      - gzip, deflate
      authorization:
      - secret...
      connection:
      - keep-alive
      host:
      - api.notion.com
      notion-version:
      - '2022-02-22'
    method: DELETE
    uri: https://api.notion.com/v1/blocks/8b288465220e45468a88e4decb3914f5
  response:
    content: "{\"object\":\"block\",\"id\":\"8b288465-220e-4546-8a88-e4decb3914f5\",\"parent\":{\"type\":\"page_id\",\"page_id\":\"250662d9-783d-483c-b131-341ed479f96c\"},\"created_time\":\"2022-07-24T23:45:00.000Z\",\"last_edited_time\":\"2022-07-24T23:45:00.000Z\",\"created_by\":{\"object\":\"user\",\"id\":\"6860cd48-ced8-41b3-b824-c7d039085db1\"},\"last_edited_by\":{\"object\":\"user\",\"id\":\"6860cd48-ced8-41b3-b824-c7d039085db1\"},\"has_children\":false,\"archived\":true,\"type\":\"callout\",\"callout\":{\"rich_text\":[{\"type\":\"text\",\"text\":{\"content\":\"Reappearing
      blocks!\",\"link\":null},\"annotations\":{\"bold\":false,\"italic\":false,\"strikethrough\":false,\"underline\":false,\"code\":false,\"color\":\"default\"},\"plain_text\":\"Reappearing
      blocks!\",\"href\":null}],\"icon\":{\"type\":\"emoji\",\"emoji\":\"\U0001F4A1\"},\"color\":\"default\"}}"
    headers: {}
    http_version: HTTP/1.1
    status_code: 200
- request:
    body: '{"archived": false}'
    headers:
      accept:
      - '*/*'
      accept-encoding:
      - gzip, deflate
      authorization:
      - secret...
      connection:
      - keep-alive
      content-length:
      - '19'
      content-type:
      - application/json
      host:
      - api.notion.com
      notion-version:
      - '2022-02-22'
    method: PATCH
    uri: https://api.notion.com/v1/blocks/8b288465220e45468a88e4decb3914f5
  response:
    content: "{\"object\":\"block\",\"id\":\"8b288465-220e-4546-8a88-e4decb3914f5\",\"parent\":{\"type\":\"page_id\",\"page_id\":\"250662d9-783d-483c-b131-341ed479f96c\"},\"created_time\":\"2022-07-24T23:45:00.000Z\",\"last_edited_time\":\"2022-07-24T23:45:00.000Z\",\"created_by\":{\"object\":\"user\",\"id\":\"6860cd48-ced8-41b3-b824-c7d039085db1\"},\"last_edited_by\":{\"object\":\"user\",\"id\":\"6860cd48-ced8-41b3-b824-c7d039085db1\"},\"has_children\":false,\"archived\":false,\"type\":\"callout\",\"callout\":{\"rich_text\":[{\"type\":\"text\",\"text\":{\"content\":\"Reappearing
      blocks!\",\"link\":null},\"annotations\":{\"bold\":false,\"italic\":false,\"strikethrough\":false,\"underline\":false,\"code\":false,\"color\":\"default\"},\"plain_text\":\"Reappearing
      blocks!\",\"href\":null}],\"icon\":{\"type\":\"emoji\",\"emoji\":\"\U0001F4A1\"},\"color\":\"default\"}}"
    headers: {}
    http_version: HTTP/1.1
    status_code: 200
- request:
    body: ''
    headers:
      accept:
      - '*/*'
      accept-encoding:
      - gzip, deflate
      authorization:
      - secret...
      connection:
      - keep-alive
      host:
      - api.notion.com
      notion-version:
      - '2022-02-22'
    method: GET
    uri: https://api.notion.com/v1/blocks/8b288465-220e-4546-8a88-e4decb3914f5
  response:
    content: "{\"object\":\"block\",\"id\":\"8b288465-220e-4546-8a88-e4decb3914f5\",\"parent\":{\"type\":\"page_id\",\"page_id\":\"250662d9-783d-483c-b131-341ed479f96c\"},\"created_time\":\"2022-07-24T23:45:00.000Z\",\"last_edited_time\":\"2022-07-24T23:45:00.000Z\",\"created_by\":{\"object\":\"user\",\"id\":\"6860cd48-ced8-41b3-b824-c7d039085db1\"},\"last_edited_by\":{\"object\":\"user\",\"id\":\"6860cd48-ced8-41b3-b824-c7d039085db1\"},\"has_children\":false,\"archived\":false,\"type\":\"callout\",\"callout\":{\"rich_text\":[{\"type\":\"text\",\"text\":{\"content\":\"Reappearing
      blocks!\",\"link\":null},\"annotations\":{\"bold\":false,\"italic\":false,\"strikethrough\":false,\"underline\":false,\"code\":false,\"color\":\"default\"},\"plain_text\":\"Reappearing
      blocks!\",\"href\":null}],\"icon\":{\"type\":\"emoji\",\"emoji\":\"\U0001F4A1\"},\"color\":\"default\"}}"
    headers: {}
    http_version: HTTP/1.1
    status_code: 200
- request:
    body: ''
    headers:
      accept:
      - '*/*'
      accept-encoding:
      - gzip, deflate
      authorization:
      - secret...
      connection:
      - keep-alive
      host:
      - api.notion.com
      notion-version:
      - '2022-02-22'
    method: DELETE
    uri: https://api.notion.com/v1/blocks/8b288465220e45468a88e4decb3914f5
  response:
    content: "{\"object\":\"block\",\"id\":\"8b288465-220e-4546-8a88-e4decb3914f5\",\"parent\":{\"type\":\"page_id\",\"page_id\":\"250662d9-783d-483c-b131-341ed479f96c\"},\"created_time\":\"2022-07-24T23:45:00.000Z\",\"last_edited_time\":\"2022-07-24T23:45:00.000Z\",\"created_by\":{\"object\":\"user\",\"id\":\"6860cd48-ced8-41b3-b824-c7d039085db1\"},\"last_edited_by\":{\"object\":\"user\",\"id\":\"6860cd48-ced8-41b3-b824-c7d039085db1\"},\"has_children\":false,\"archived\":true,\"type\":\"callout\",\"callout\":{\"rich_text\":[{\"type\":\"text\",\"text\":{\"content\":\"Reappearing
      blocks!\",\"link\":null},\"annotations\":{\"bold\":false,\"italic\":false,\"strikethrough\":false,\"underline\":false,\"code\":false,\"color\":\"default\"},\"plain_text\":\"Reappearing
      blocks!\",\"href\":null}],\"icon\":{\"type\":\"emoji\",\"emoji\":\"\U0001F4A1\"},\"color\":\"default\"}}"
    headers: {}
    http_version: HTTP/1.1
    status_code: 200
- request:
    body: '{"children": [{"type": "callout", "object": "block", "has_children": false,
      "archived": false, "callout": {"rich_text": [{"type": "text", "plain_text":
      "Reappearing blocks!", "text": {"content": "Reappearing blocks!"}}], "color":
      "default"}}]}'
    headers:
      accept:
      - '*/*'
      accept-encoding:
      - gzip, deflate
      authorization:
      - secret...
      connection:
      - keep-alive
      content-length:
      - '243'
      content-type:
      - application/json
      host:
      - api.notion.com
      notion-version:
      - '2022-02-22'
    method: PATCH
    uri: https://api.notion.com/v1/blocks/250662d9783d483cb131341ed479f96c/children
  response:
    content: "{\"object\":\"list\",\"results\":[{\"object\":\"block\",\"id\":\"74afd754-94a1-4c67-9663-1bc08eb1b9ff\",\"parent\":{\"type\":\"page_id\",\"page_id\":\"250662d9-783d-483c-b131-341ed479f96c\"},\"created_time\":\"2022-07-24T23:55:00.000Z\",\"last_edited_time\":\"2022-07-24T23:55:00.000Z\",\"created_by\":{\"object\":\"user\",\"id\":\"6860cd48-ced8-41b3-b824-c7d039085db1\"},\"last_edited_by\":{\"object\":\"user\",\"id\":\"6860cd48-ced8-41b3-b824-c7d039085db1\"},\"has_children\":false,\"archived\":false,\"type\":\"callout\",\"callout\":{\"rich_text\":[{\"type\":\"text\",\"text\":{\"content\":\"Reappearing
      blocks!\",\"link\":null},\"annotations\":{\"bold\":false,\"italic\":false,\"strikethrough\":false,\"underline\":false,\"code\":false,\"color\":\"default\"},\"plain_text\":\"Reappearing
      blocks!\",\"href\":null}],\"icon\":{\"type\":\"emoji\",\"emoji\":\"\U0001F4A1\"},\"color\":\"default\"}}],\"next_cursor\":null,\"has_more\":false,\"type\":\"block\",\"block\":{}}"
    headers: {}
    http_version: HTTP/1.1
    status_code: 200
- request:
    body: ''
    headers:
      accept:
      - '*/*'
      accept-encoding:
      - gzip, deflate
      authorization:
      - secret...
      connection:
      - keep-alive
      host:
      - api.notion.com
      notion-version:
      - '2022-02-22'
    method: DELETE
    uri: https://api.notion.com/v1/blocks/74afd75494a14c6796631bc08eb1b9ff
  response:
    content: "{\"object\":\"block\",\"id\":\"74afd754-94a1-4c67-9663-1bc08eb1b9ff\",\"parent\":{\"type\":\"page_id\",\"page_id\":\"250662d9-783d-483c-b131-341ed479f96c\"},\"created_time\":\"2022-07-24T23:55:00.000Z\",\"last_edited_time\":\"2022-07-24T23:55:00.000Z\",\"created_by\":{\"object\":\"user\",\"id\":\"6860cd48-ced8-41b3-b824-c7d039085db1\"},\"last_edited_by\":{\"object\":\"user\",\"id\":\"6860cd48-ced8-41b3-b824-c7d039085db1\"},\"has_children\":false,\"archived\":true,\"type\":\"callout\",\"callout\":{\"rich_text\":[{\"type\":\"text\",\"text\":{\"content\":\"Reappearing
      blocks!\",\"link\":null},\"annotations\":{\"bold\":false,\"italic\":false,\"strikethrough\":false,\"underline\":false,\"code\":false,\"color\":\"default\"},\"plain_text\":\"Reappearing
      blocks!\",\"href\":null}],\"icon\":{\"type\":\"emoji\",\"emoji\":\"\U0001F4A1\"},\"color\":\"default\"}}"
    headers: {}
    http_version: HTTP/1.1
    status_code: 200
- request:
    body: '{"archived": false}'
    headers:
      accept:
      - '*/*'
      accept-encoding:
      - gzip, deflate
      authorization:
      - secret...
      connection:
      - keep-alive
      content-length:
      - '19'
      content-type:
      - application/json
      host:
      - api.notion.com
      notion-version:
      - '2022-02-22'
    method: PATCH
    uri: https://api.notion.com/v1/blocks/74afd75494a14c6796631bc08eb1b9ff
  response:
    content: "{\"object\":\"block\",\"id\":\"74afd754-94a1-4c67-9663-1bc08eb1b9ff\",\"parent\":{\"type\":\"page_id\",\"page_id\":\"250662d9-783d-483c-b131-341ed479f96c\"},\"created_time\":\"2022-07-24T23:55:00.000Z\",\"last_edited_time\":\"2022-07-24T23:55:00.000Z\",\"created_by\":{\"object\":\"user\",\"id\":\"6860cd48-ced8-41b3-b824-c7d039085db1\"},\"last_edited_by\":{\"object\":\"user\",\"id\":\"6860cd48-ced8-41b3-b824-c7d039085db1\"},\"has_children\":false,\"archived\":false,\"type\":\"callout\",\"callout\":{\"rich_text\":[{\"type\":\"text\",\"text\":{\"content\":\"Reappearing
      blocks!\",\"link\":null},\"annotations\":{\"bold\":false,\"italic\":false,\"strikethrough\":false,\"underline\":false,\"code\":false,\"color\":\"default\"},\"plain_text\":\"Reappearing
      blocks!\",\"href\":null}],\"icon\":{\"type\":\"emoji\",\"emoji\":\"\U0001F4A1\"},\"color\":\"default\"}}"
    headers: {}
    http_version: HTTP/1.1
    status_code: 200
- request:
    body: ''
    headers:
      accept:
      - '*/*'
      accept-encoding:
      - gzip, deflate
      authorization:
      - secret...
      connection:
      - keep-alive
      host:
      - api.notion.com
      notion-version:
      - '2022-02-22'
    method: GET
    uri: https://api.notion.com/v1/blocks/74afd754-94a1-4c67-9663-1bc08eb1b9ff
  response:
    content: "{\"object\":\"block\",\"id\":\"74afd754-94a1-4c67-9663-1bc08eb1b9ff\",\"parent\":{\"type\":\"page_id\",\"page_id\":\"250662d9-783d-483c-b131-341ed479f96c\"},\"created_time\":\"2022-07-24T23:55:00.000Z\",\"last_edited_time\":\"2022-07-24T23:55:00.000Z\",\"created_by\":{\"object\":\"user\",\"id\":\"6860cd48-ced8-41b3-b824-c7d039085db1\"},\"last_edited_by\":{\"object\":\"user\",\"id\":\"6860cd48-ced8-41b3-b824-c7d039085db1\"},\"has_children\":false,\"archived\":false,\"type\":\"callout\",\"callout\":{\"rich_text\":[{\"type\":\"text\",\"text\":{\"content\":\"Reappearing
      blocks!\",\"link\":null},\"annotations\":{\"bold\":false,\"italic\":false,\"strikethrough\":false,\"underline\":false,\"code\":false,\"color\":\"default\"},\"plain_text\":\"Reappearing
      blocks!\",\"href\":null}],\"icon\":{\"type\":\"emoji\",\"emoji\":\"\U0001F4A1\"},\"color\":\"default\"}}"
    headers: {}
    http_version: HTTP/1.1
    status_code: 200
- request:
    body: ''
    headers:
      accept:
      - '*/*'
      accept-encoding:
      - gzip, deflate
      authorization:
      - secret...
      connection:
      - keep-alive
      host:
      - api.notion.com
      notion-version:
      - '2022-02-22'
    method: DELETE
    uri: https://api.notion.com/v1/blocks/74afd75494a14c6796631bc08eb1b9ff
  response:
    content: "{\"object\":\"block\",\"id\":\"74afd754-94a1-4c67-9663-1bc08eb1b9ff\",\"parent\":{\"type\":\"page_id\",\"page_id\":\"250662d9-783d-483c-b131-341ed479f96c\"},\"created_time\":\"2022-07-24T23:55:00.000Z\",\"last_edited_time\":\"2022-07-24T23:55:00.000Z\",\"created_by\":{\"object\":\"user\",\"id\":\"6860cd48-ced8-41b3-b824-c7d039085db1\"},\"last_edited_by\":{\"object\":\"user\",\"id\":\"6860cd48-ced8-41b3-b824-c7d039085db1\"},\"has_children\":false,\"archived\":true,\"type\":\"callout\",\"callout\":{\"rich_text\":[{\"type\":\"text\",\"text\":{\"content\":\"Reappearing
      blocks!\",\"link\":null},\"annotations\":{\"bold\":false,\"italic\":false,\"strikethrough\":false,\"underline\":false,\"code\":false,\"color\":\"default\"},\"plain_text\":\"Reappearing
      blocks!\",\"href\":null}],\"icon\":{\"type\":\"emoji\",\"emoji\":\"\U0001F4A1\"},\"color\":\"default\"}}"
    headers: {}
    http_version: HTTP/1.1
    status_code: 200
version: 1
