interactions:
- request:
    body: '{"children": [{"type": "divider", "object": "block", "has_children": false,
      "archived": false, "divider": {}}]}'
    headers:
      accept:
      - '*/*'
      accept-encoding:
      - gzip, deflate
      authorization:
      - secret...
      connection:
      - keep-alive
      content-length:
      - '111'
      content-type:
      - application/json
      host:
      - api.notion.com
      notion-version:
      - '2022-06-28'
    method: PATCH
    uri: https://api.notion.com/v1/blocks/250662d9-783d-483c-b131-341ed479f96c/children
  response:
    content: '{"object":"list","results":[{"object":"block","id":"d6ed23b5-6c03-4a92-995a-41887dd7cf50","parent":{"type":"page_id","page_id":"250662d9-783d-483c-b131-341ed479f96c"},"created_time":"2023-01-19T01:18:00.000Z","last_edited_time":"2023-01-19T01:18:00.000Z","created_by":{"object":"user","id":"6860cd48-ced8-41b3-b824-c7d039085db1"},"last_edited_by":{"object":"user","id":"6860cd48-ced8-41b3-b824-c7d039085db1"},"has_children":false,"archived":false,"type":"divider","divider":{}}],"next_cursor":null,"has_more":false,"type":"block","block":{}}'
    headers: {}
    http_version: HTTP/1.1
    status_code: 200
- request:
    body: ''
    headers:
      accept:
      - '*/*'
      accept-encoding:
      - gzip, deflate
      authorization:
      - secret...
      connection:
      - keep-alive
      cookie:
      - __cf_bm=05QCud9jLKAxvj5wxzaoWcmhAPFR3O22mTMeW7YfvLI-1674091134-0-ATPoQERqPdW6o9rYutIzCX/fC4O/2sLmjuQZxLxZ5aYJp6zNyQTCaKWcTTCxwYl/qS2jRU0ITV2nG7+qda3s0zk=
      host:
      - api.notion.com
      notion-version:
      - '2022-06-28'
    method: GET
    uri: https://api.notion.com/v1/blocks/d6ed23b5-6c03-4a92-995a-41887dd7cf50
  response:
    content: '{"object":"block","id":"d6ed23b5-6c03-4a92-995a-41887dd7cf50","parent":{"type":"page_id","page_id":"250662d9-783d-483c-b131-341ed479f96c"},"created_time":"2023-01-19T01:18:00.000Z","last_edited_time":"2023-01-19T01:18:00.000Z","created_by":{"object":"user","id":"6860cd48-ced8-41b3-b824-c7d039085db1"},"last_edited_by":{"object":"user","id":"6860cd48-ced8-41b3-b824-c7d039085db1"},"has_children":false,"archived":false,"type":"divider","divider":{}}'
    headers: {}
    http_version: HTTP/1.1
    status_code: 200
- request:
    body: ''
    headers:
      accept:
      - '*/*'
      accept-encoding:
      - gzip, deflate
      authorization:
      - secret...
      connection:
      - keep-alive
      cookie:
      - __cf_bm=05QCud9jLKAxvj5wxzaoWcmhAPFR3O22mTMeW7YfvLI-1674091134-0-ATPoQERqPdW6o9rYutIzCX/fC4O/2sLmjuQZxLxZ5aYJp6zNyQTCaKWcTTCxwYl/qS2jRU0ITV2nG7+qda3s0zk=
      host:
      - api.notion.com
      notion-version:
      - '2022-06-28'
    method: DELETE
    uri: https://api.notion.com/v1/blocks/d6ed23b5-6c03-4a92-995a-41887dd7cf50
  response:
    content: '{"object":"block","id":"d6ed23b5-6c03-4a92-995a-41887dd7cf50","parent":{"type":"page_id","page_id":"250662d9-783d-483c-b131-341ed479f96c"},"created_time":"2023-01-19T01:18:00.000Z","last_edited_time":"2023-01-19T01:18:00.000Z","created_by":{"object":"user","id":"6860cd48-ced8-41b3-b824-c7d039085db1"},"last_edited_by":{"object":"user","id":"6860cd48-ced8-41b3-b824-c7d039085db1"},"has_children":false,"archived":true,"type":"divider","divider":{}}'
    headers: {}
    http_version: HTTP/1.1
    status_code: 200
version: 1
