interactions:
- request:
    body: '{"children": [{"type": "to_do", "object": "block", "has_children": false,
      "archived": false, "to_do": {"rich_text": [{"type": "text", "plain_text": "Important
      Task"}], "checked": false, "color": "default"}}]}'
    headers:
      accept:
      - '*/*'
      accept-encoding:
      - gzip, deflate
      authorization:
      - secret...
      connection:
      - keep-alive
      content-length:
      - '208'
      content-type:
      - application/json
      host:
      - api.notion.com
      notion-version:
      - '2022-06-28'
    method: PATCH
    uri: https://api.notion.com/v1/blocks/250662d9-783d-483c-b131-341ed479f96c/children
  response:
    content: '{"object":"error","status":400,"code":"validation_error","message":"body
      failed validation. Fix one:\nbody.children[0].to_do.rich_text[0].text should
      be defined, instead was `undefined`.\nbody.children[0].to_do.rich_text[0].mention
      should be defined, instead was `undefined`.\nbody.children[0].to_do.rich_text[0].equation
      should be defined, instead was `undefined`."}'
    headers: {}
    http_version: HTTP/1.1
    status_code: 400
version: 1
