interactions:
- request:
    body: '{"children": [{"type": "divider", "object": "block", "has_children": false,
      "archived": false, "divider": {}}]}'
    headers:
      accept:
      - '*/*'
      accept-encoding:
      - gzip, deflate
      authorization:
      - secret...
      connection:
      - keep-alive
      content-length:
      - '111'
      content-type:
      - application/json
      host:
      - api.notion.com
      notion-version:
      - '2022-06-28'
    method: PATCH
    uri: https://api.notion.com/v1/blocks/250662d9-783d-483c-b131-341ed479f96c/children
  response:
    content: '{"object":"list","results":[{"object":"block","id":"ea6fbc55-e4cb-429f-9ca3-b20c1d048459","parent":{"type":"page_id","page_id":"250662d9-783d-483c-b131-341ed479f96c"},"created_time":"2024-05-04T14:06:00.000Z","last_edited_time":"2024-05-04T14:06:00.000Z","created_by":{"object":"user","id":"6860cd48-ced8-41b3-b824-c7d039085db1"},"last_edited_by":{"object":"user","id":"6860cd48-ced8-41b3-b824-c7d039085db1"},"has_children":false,"archived":false,"in_trash":false,"type":"divider","divider":{}}],"next_cursor":null,"has_more":false,"type":"block","block":{},"request_id":"784784b2-2d6a-4dd6-9da7-8e06e9dfde72"}'
    headers: {}
    http_version: HTTP/1.1
    status_code: 200
- request:
    body: ''
    headers:
      accept:
      - '*/*'
      accept-encoding:
      - gzip, deflate
      authorization:
      - secret...
      connection:
      - keep-alive
      cookie:
      - __cf_bm=4jAibUqAIk7Q32rZHAQQ2QQzMhyVBKkXzCOu0wLdOIM-1714831591-1.0.1.1-9RwyZH1mLyot8ylX4604aFuTbH57RGSlXcfUDtMjXV6.flw0xb4xjv_K._yEwW2iwqLdfWNli1gZfBjjuPZK5w
      host:
      - api.notion.com
      notion-version:
      - '2022-06-28'
    method: GET
    uri: https://api.notion.com/v1/blocks/ea6fbc55-e4cb-429f-9ca3-b20c1d048459
  response:
    content: '{"object":"block","id":"ea6fbc55-e4cb-429f-9ca3-b20c1d048459","parent":{"type":"page_id","page_id":"250662d9-783d-483c-b131-341ed479f96c"},"created_time":"2024-05-04T14:06:00.000Z","last_edited_time":"2024-05-04T14:06:00.000Z","created_by":{"object":"user","id":"6860cd48-ced8-41b3-b824-c7d039085db1"},"last_edited_by":{"object":"user","id":"6860cd48-ced8-41b3-b824-c7d039085db1"},"has_children":false,"archived":false,"in_trash":false,"type":"divider","divider":{},"request_id":"0c83d365-c480-4d6b-8c23-7ef5c17440ae"}'
    headers: {}
    http_version: HTTP/1.1
    status_code: 200
- request:
    body: ''
    headers:
      accept:
      - '*/*'
      accept-encoding:
      - gzip, deflate
      authorization:
      - secret...
      connection:
      - keep-alive
      cookie:
      - __cf_bm=4jAibUqAIk7Q32rZHAQQ2QQzMhyVBKkXzCOu0wLdOIM-1714831591-1.0.1.1-9RwyZH1mLyot8ylX4604aFuTbH57RGSlXcfUDtMjXV6.flw0xb4xjv_K._yEwW2iwqLdfWNli1gZfBjjuPZK5w
      host:
      - api.notion.com
      notion-version:
      - '2022-06-28'
    method: DELETE
    uri: https://api.notion.com/v1/blocks/ea6fbc55-e4cb-429f-9ca3-b20c1d048459
  response:
    content: '{"object":"block","id":"ea6fbc55-e4cb-429f-9ca3-b20c1d048459","parent":{"type":"page_id","page_id":"250662d9-783d-483c-b131-341ed479f96c"},"created_time":"2024-05-04T14:06:00.000Z","last_edited_time":"2024-05-04T14:06:00.000Z","created_by":{"object":"user","id":"6860cd48-ced8-41b3-b824-c7d039085db1"},"last_edited_by":{"object":"user","id":"6860cd48-ced8-41b3-b824-c7d039085db1"},"has_children":false,"archived":true,"in_trash":true,"type":"divider","divider":{},"request_id":"fbad36f0-84d0-4657-8b47-4ddbf2945a9b"}'
    headers: {}
    http_version: HTTP/1.1
    status_code: 200
version: 1
