interactions:
- request:
    body: '{"children": [{"type": "divider", "object": "block", "has_children": false,
      "archived": false, "divider": {}}]}'
    headers:
      accept:
      - '*/*'
      accept-encoding:
      - gzip, deflate
      authorization:
      - secret...
      connection:
      - keep-alive
      content-length:
      - '111'
      content-type:
      - application/json
      host:
      - api.notion.com
      notion-version:
      - '2022-02-22'
    method: PATCH
    uri: https://api.notion.com/v1/blocks/250662d9783d483cb131341ed479f96c/children
  response:
    content: '{"object":"list","results":[{"object":"block","id":"051c089d-40d5-430c-9a55-1330af0b4262","parent":{"type":"page_id","page_id":"250662d9-783d-483c-b131-341ed479f96c"},"created_time":"2022-11-29T22:40:00.000Z","last_edited_time":"2022-11-29T22:40:00.000Z","created_by":{"object":"user","id":"6860cd48-ced8-41b3-b824-c7d039085db1"},"last_edited_by":{"object":"user","id":"6860cd48-ced8-41b3-b824-c7d039085db1"},"has_children":false,"archived":false,"type":"divider","divider":{}}],"next_cursor":null,"has_more":false,"type":"block","block":{}}'
    headers: {}
    http_version: HTTP/1.1
    status_code: 200
- request:
    body: ''
    headers:
      accept:
      - '*/*'
      accept-encoding:
      - gzip, deflate
      authorization:
      - secret...
      connection:
      - keep-alive
      host:
      - api.notion.com
      notion-version:
      - '2022-02-22'
    method: GET
    uri: https://api.notion.com/v1/blocks/051c089d-40d5-430c-9a55-1330af0b4262
  response:
    content: '{"object":"block","id":"051c089d-40d5-430c-9a55-1330af0b4262","parent":{"type":"page_id","page_id":"250662d9-783d-483c-b131-341ed479f96c"},"created_time":"2022-11-29T22:40:00.000Z","last_edited_time":"2022-11-29T22:40:00.000Z","created_by":{"object":"user","id":"6860cd48-ced8-41b3-b824-c7d039085db1"},"last_edited_by":{"object":"user","id":"6860cd48-ced8-41b3-b824-c7d039085db1"},"has_children":false,"archived":false,"type":"divider","divider":{}}'
    headers: {}
    http_version: HTTP/1.1
    status_code: 200
- request:
    body: ''
    headers:
      accept:
      - '*/*'
      accept-encoding:
      - gzip, deflate
      authorization:
      - secret...
      connection:
      - keep-alive
      host:
      - api.notion.com
      notion-version:
      - '2022-02-22'
    method: DELETE
    uri: https://api.notion.com/v1/blocks/051c089d40d5430c9a551330af0b4262
  response:
    content: '{"object":"block","id":"051c089d-40d5-430c-9a55-1330af0b4262","parent":{"type":"page_id","page_id":"250662d9-783d-483c-b131-341ed479f96c"},"created_time":"2022-11-29T22:40:00.000Z","last_edited_time":"2022-11-29T22:40:00.000Z","created_by":{"object":"user","id":"6860cd48-ced8-41b3-b824-c7d039085db1"},"last_edited_by":{"object":"user","id":"6860cd48-ced8-41b3-b824-c7d039085db1"},"has_children":false,"archived":true,"type":"divider","divider":{}}'
    headers: {}
    http_version: HTTP/1.1
    status_code: 200
- request:
    body: '{"children": [{"type": "divider", "object": "block", "has_children": false,
      "archived": false, "divider": {}}]}'
    headers:
      accept:
      - '*/*'
      accept-encoding:
      - gzip, deflate
      authorization:
      - secret...
      connection:
      - keep-alive
      content-length:
      - '111'
      content-type:
      - application/json
      host:
      - api.notion.com
      notion-version:
      - '2022-02-22'
    method: PATCH
    uri: https://api.notion.com/v1/blocks/250662d9783d483cb131341ed479f96c/children
  response:
    content: '{"object":"list","results":[{"object":"block","id":"824cfed9-3c22-404f-b986-ce226404c698","parent":{"type":"page_id","page_id":"250662d9-783d-483c-b131-341ed479f96c"},"created_time":"2022-12-10T20:55:00.000Z","last_edited_time":"2022-12-10T20:55:00.000Z","created_by":{"object":"user","id":"6860cd48-ced8-41b3-b824-c7d039085db1"},"last_edited_by":{"object":"user","id":"6860cd48-ced8-41b3-b824-c7d039085db1"},"has_children":false,"archived":false,"type":"divider","divider":{}}],"next_cursor":null,"has_more":false,"type":"block","block":{}}'
    headers: {}
    http_version: HTTP/1.1
    status_code: 200
- request:
    body: ''
    headers:
      accept:
      - '*/*'
      accept-encoding:
      - gzip, deflate
      authorization:
      - secret...
      connection:
      - keep-alive
      host:
      - api.notion.com
      notion-version:
      - '2022-02-22'
    method: GET
    uri: https://api.notion.com/v1/blocks/824cfed9-3c22-404f-b986-ce226404c698
  response:
    content: '{"object":"block","id":"824cfed9-3c22-404f-b986-ce226404c698","parent":{"type":"page_id","page_id":"250662d9-783d-483c-b131-341ed479f96c"},"created_time":"2022-12-10T20:55:00.000Z","last_edited_time":"2022-12-10T20:55:00.000Z","created_by":{"object":"user","id":"6860cd48-ced8-41b3-b824-c7d039085db1"},"last_edited_by":{"object":"user","id":"6860cd48-ced8-41b3-b824-c7d039085db1"},"has_children":false,"archived":false,"type":"divider","divider":{}}'
    headers: {}
    http_version: HTTP/1.1
    status_code: 200
- request:
    body: ''
    headers:
      accept:
      - '*/*'
      accept-encoding:
      - gzip, deflate
      authorization:
      - secret...
      connection:
      - keep-alive
      host:
      - api.notion.com
      notion-version:
      - '2022-02-22'
    method: DELETE
    uri: https://api.notion.com/v1/blocks/824cfed93c22404fb986ce226404c698
  response:
    content: '{"object":"block","id":"824cfed9-3c22-404f-b986-ce226404c698","parent":{"type":"page_id","page_id":"250662d9-783d-483c-b131-341ed479f96c"},"created_time":"2022-12-10T20:55:00.000Z","last_edited_time":"2022-12-10T20:55:00.000Z","created_by":{"object":"user","id":"6860cd48-ced8-41b3-b824-c7d039085db1"},"last_edited_by":{"object":"user","id":"6860cd48-ced8-41b3-b824-c7d039085db1"},"has_children":false,"archived":true,"type":"divider","divider":{}}'
    headers: {}
    http_version: HTTP/1.1
    status_code: 200
- request:
    body: '{"children": [{"type": "divider", "object": "block", "has_children": false,
      "archived": false, "divider": {}}]}'
    headers:
      accept:
      - '*/*'
      accept-encoding:
      - gzip, deflate
      authorization:
      - secret...
      connection:
      - keep-alive
      content-length:
      - '111'
      content-type:
      - application/json
      host:
      - api.notion.com
      notion-version:
      - '2022-06-28'
    method: PATCH
    uri: https://api.notion.com/v1/blocks/250662d9783d483cb131341ed479f96c/children
  response:
    content: '{"object":"list","results":[{"object":"block","id":"904a0e10-ddca-40eb-a69d-80ba47dfc183","parent":{"type":"page_id","page_id":"250662d9-783d-483c-b131-341ed479f96c"},"created_time":"2022-12-10T20:56:00.000Z","last_edited_time":"2022-12-10T20:56:00.000Z","created_by":{"object":"user","id":"6860cd48-ced8-41b3-b824-c7d039085db1"},"last_edited_by":{"object":"user","id":"6860cd48-ced8-41b3-b824-c7d039085db1"},"has_children":false,"archived":false,"type":"divider","divider":{}}],"next_cursor":null,"has_more":false,"type":"block","block":{}}'
    headers: {}
    http_version: HTTP/1.1
    status_code: 200
- request:
    body: ''
    headers:
      accept:
      - '*/*'
      accept-encoding:
      - gzip, deflate
      authorization:
      - secret...
      connection:
      - keep-alive
      host:
      - api.notion.com
      notion-version:
      - '2022-06-28'
    method: GET
    uri: https://api.notion.com/v1/blocks/904a0e10-ddca-40eb-a69d-80ba47dfc183
  response:
    content: '{"object":"block","id":"904a0e10-ddca-40eb-a69d-80ba47dfc183","parent":{"type":"page_id","page_id":"250662d9-783d-483c-b131-341ed479f96c"},"created_time":"2022-12-10T20:56:00.000Z","last_edited_time":"2022-12-10T20:56:00.000Z","created_by":{"object":"user","id":"6860cd48-ced8-41b3-b824-c7d039085db1"},"last_edited_by":{"object":"user","id":"6860cd48-ced8-41b3-b824-c7d039085db1"},"has_children":false,"archived":false,"type":"divider","divider":{}}'
    headers: {}
    http_version: HTTP/1.1
    status_code: 200
- request:
    body: ''
    headers:
      accept:
      - '*/*'
      accept-encoding:
      - gzip, deflate
      authorization:
      - secret...
      connection:
      - keep-alive
      host:
      - api.notion.com
      notion-version:
      - '2022-06-28'
    method: DELETE
    uri: https://api.notion.com/v1/blocks/904a0e10ddca40eba69d80ba47dfc183
  response:
    content: '{"object":"block","id":"904a0e10-ddca-40eb-a69d-80ba47dfc183","parent":{"type":"page_id","page_id":"250662d9-783d-483c-b131-341ed479f96c"},"created_time":"2022-12-10T20:56:00.000Z","last_edited_time":"2022-12-10T20:56:00.000Z","created_by":{"object":"user","id":"6860cd48-ced8-41b3-b824-c7d039085db1"},"last_edited_by":{"object":"user","id":"6860cd48-ced8-41b3-b824-c7d039085db1"},"has_children":false,"archived":true,"type":"divider","divider":{}}'
    headers: {}
    http_version: HTTP/1.1
    status_code: 200
version: 1
